
Microsoft Visual Studio Solution File, Format Version 12.00
# Visual Studio 14
VisualStudioVersion = 14.0.24720.0
MinimumVisualStudioVersion = 10.0.40219.1
Project("{FAE04EC0-301F-11D3-BF4B-00C04F79EFBC}") = "Lexer", "Lexer\Lexer.csproj", "{1A618712-732A-422A-A8CE-C7951AA0AF3F}"
EndProject
Project("{FAE04EC0-301F-11D3-BF4B-00C04F79EFBC}") = "Parser", "Parser\Parser.csproj", "{11EFF6AF-D8E2-412E-BFAA-C8ABBD242505}"
EndProject
Project("{FAE04EC0-301F-11D3-BF4B-00C04F79EFBC}") = "Cmd", "Cmd\Cmd.csproj", "{FE24F138-FDD6-4C12-9A47-762D7A5C2381}"
EndProject
Project("{FAE04EC0-301F-11D3-BF4B-00C04F79EFBC}") = "Common", "Common\Common.csproj", "{D744B741-F097-4F46-B886-CB4CCC390EFC}"
EndProject
Project("{FAE04EC0-301F-11D3-BF4B-00C04F79EFBC}") = "Tests", "Tests\Tests.csproj", "{5A49E51A-0957-4ABB-BDD4-0B958EFA7DCE}"
EndProject
Project("{FAE04EC0-301F-11D3-BF4B-00C04F79EFBC}") = "Analyzer", "Analyzer\Analyzer.csproj", "{3514772B-EE43-434B-8CA4-8186E060DDBF}"
EndProject
Project("{FAE04EC0-301F-11D3-BF4B-00C04F79EFBC}") = "Compiler", "Compiler\Compiler.csproj", "{F58BE674-2CB9-4366-BE49-C74EA86FC48F}"
EndProject
Project("{FAE04EC0-301F-11D3-BF4B-00C04F79EFBC}") = "Core", "Core\Core.csproj", "{2C63F001-5B59-4CB5-8607-13A54CDCC9B7}"
EndProject
Project("{FAE04EC0-301F-11D3-BF4B-00C04F79EFBC}") = "Emit.Cpp", "Emit.Cpp\Emit.Cpp.csproj", "{630F91E3-F9E3-494D-8985-313C4D372696}"
EndProject
Project("{FAE04EC0-301F-11D3-BF4B-00C04F79EFBC}") = "Forge", "Forge\Forge.csproj", "{643D4E66-A2D7-47F7-BD7F-7EFEE575EE5B}"
EndProject
Project("{FAE04EC0-301F-11D3-BF4B-00C04F79EFBC}") = "UnitTests.Framework", "UnitTests.Framework\UnitTests.Framework.csproj", "{FAD4D802-DA7B-4BFD-BA62-EB6A4B6CF7DA}"
EndProject
Project("{FAE04EC0-301F-11D3-BF4B-00C04F79EFBC}") = "Syntax", "Syntax\Syntax.csproj", "{0F50D108-4A28-4CC9-A647-26D2F823A47D}"
EndProject
Global
	GlobalSection(SolutionConfigurationPlatforms) = preSolution
		Debug|Any CPU = Debug|Any CPU
		Release|Any CPU = Release|Any CPU
	EndGlobalSection
	GlobalSection(ProjectConfigurationPlatforms) = postSolution
		{1A618712-732A-422A-A8CE-C7951AA0AF3F}.Debug|Any CPU.ActiveCfg = Debug|Any CPU
		{1A618712-732A-422A-A8CE-C7951AA0AF3F}.Debug|Any CPU.Build.0 = Debug|Any CPU
		{1A618712-732A-422A-A8CE-C7951AA0AF3F}.Release|Any CPU.ActiveCfg = Release|Any CPU
		{1A618712-732A-422A-A8CE-C7951AA0AF3F}.Release|Any CPU.Build.0 = Release|Any CPU
		{11EFF6AF-D8E2-412E-BFAA-C8ABBD242505}.Debug|Any CPU.ActiveCfg = Debug|Any CPU
		{11EFF6AF-D8E2-412E-BFAA-C8ABBD242505}.Debug|Any CPU.Build.0 = Debug|Any CPU
		{11EFF6AF-D8E2-412E-BFAA-C8ABBD242505}.Release|Any CPU.ActiveCfg = Release|Any CPU
		{11EFF6AF-D8E2-412E-BFAA-C8ABBD242505}.Release|Any CPU.Build.0 = Release|Any CPU
		{FE24F138-FDD6-4C12-9A47-762D7A5C2381}.Debug|Any CPU.ActiveCfg = Debug|Any CPU
		{FE24F138-FDD6-4C12-9A47-762D7A5C2381}.Debug|Any CPU.Build.0 = Debug|Any CPU
		{FE24F138-FDD6-4C12-9A47-762D7A5C2381}.Release|Any CPU.ActiveCfg = Release|Any CPU
		{FE24F138-FDD6-4C12-9A47-762D7A5C2381}.Release|Any CPU.Build.0 = Release|Any CPU
		{D744B741-F097-4F46-B886-CB4CCC390EFC}.Debug|Any CPU.ActiveCfg = Debug|Any CPU
		{D744B741-F097-4F46-B886-CB4CCC390EFC}.Debug|Any CPU.Build.0 = Debug|Any CPU
		{D744B741-F097-4F46-B886-CB4CCC390EFC}.Release|Any CPU.ActiveCfg = Release|Any CPU
		{D744B741-F097-4F46-B886-CB4CCC390EFC}.Release|Any CPU.Build.0 = Release|Any CPU
		{5A49E51A-0957-4ABB-BDD4-0B958EFA7DCE}.Debug|Any CPU.ActiveCfg = Debug|Any CPU
		{5A49E51A-0957-4ABB-BDD4-0B958EFA7DCE}.Debug|Any CPU.Build.0 = Debug|Any CPU
		{5A49E51A-0957-4ABB-BDD4-0B958EFA7DCE}.Release|Any CPU.ActiveCfg = Release|Any CPU
		{5A49E51A-0957-4ABB-BDD4-0B958EFA7DCE}.Release|Any CPU.Build.0 = Release|Any CPU
		{3514772B-EE43-434B-8CA4-8186E060DDBF}.Debug|Any CPU.ActiveCfg = Debug|Any CPU
		{3514772B-EE43-434B-8CA4-8186E060DDBF}.Debug|Any CPU.Build.0 = Debug|Any CPU
		{3514772B-EE43-434B-8CA4-8186E060DDBF}.Release|Any CPU.ActiveCfg = Release|Any CPU
		{3514772B-EE43-434B-8CA4-8186E060DDBF}.Release|Any CPU.Build.0 = Release|Any CPU
		{F58BE674-2CB9-4366-BE49-C74EA86FC48F}.Debug|Any CPU.ActiveCfg = Debug|Any CPU
		{F58BE674-2CB9-4366-BE49-C74EA86FC48F}.Debug|Any CPU.Build.0 = Debug|Any CPU
		{F58BE674-2CB9-4366-BE49-C74EA86FC48F}.Release|Any CPU.ActiveCfg = Release|Any CPU
		{F58BE674-2CB9-4366-BE49-C74EA86FC48F}.Release|Any CPU.Build.0 = Release|Any CPU
		{2C63F001-5B59-4CB5-8607-13A54CDCC9B7}.Debug|Any CPU.ActiveCfg = Debug|Any CPU
		{2C63F001-5B59-4CB5-8607-13A54CDCC9B7}.Debug|Any CPU.Build.0 = Debug|Any CPU
		{2C63F001-5B59-4CB5-8607-13A54CDCC9B7}.Release|Any CPU.ActiveCfg = Release|Any CPU
		{2C63F001-5B59-4CB5-8607-13A54CDCC9B7}.Release|Any CPU.Build.0 = Release|Any CPU
		{630F91E3-F9E3-494D-8985-313C4D372696}.Debug|Any CPU.ActiveCfg = Debug|Any CPU
		{630F91E3-F9E3-494D-8985-313C4D372696}.Debug|Any CPU.Build.0 = Debug|Any CPU
		{630F91E3-F9E3-494D-8985-313C4D372696}.Release|Any CPU.ActiveCfg = Release|Any CPU
		{630F91E3-F9E3-494D-8985-313C4D372696}.Release|Any CPU.Build.0 = Release|Any CPU
		{643D4E66-A2D7-47F7-BD7F-7EFEE575EE5B}.Debug|Any CPU.ActiveCfg = Debug|Any CPU
		{643D4E66-A2D7-47F7-BD7F-7EFEE575EE5B}.Debug|Any CPU.Build.0 = Debug|Any CPU
		{643D4E66-A2D7-47F7-BD7F-7EFEE575EE5B}.Release|Any CPU.ActiveCfg = Release|Any CPU
		{643D4E66-A2D7-47F7-BD7F-7EFEE575EE5B}.Release|Any CPU.Build.0 = Release|Any CPU
		{FAD4D802-DA7B-4BFD-BA62-EB6A4B6CF7DA}.Debug|Any CPU.ActiveCfg = Debug|Any CPU
		{FAD4D802-DA7B-4BFD-BA62-EB6A4B6CF7DA}.Debug|Any CPU.Build.0 = Debug|Any CPU
		{FAD4D802-DA7B-4BFD-BA62-EB6A4B6CF7DA}.Release|Any CPU.ActiveCfg = Release|Any CPU
		{FAD4D802-DA7B-4BFD-BA62-EB6A4B6CF7DA}.Release|Any CPU.Build.0 = Release|Any CPU
		{0F50D108-4A28-4CC9-A647-26D2F823A47D}.Debug|Any CPU.ActiveCfg = Debug|Any CPU
		{0F50D108-4A28-4CC9-A647-26D2F823A47D}.Debug|Any CPU.Build.0 = Debug|Any CPU
		{0F50D108-4A28-4CC9-A647-26D2F823A47D}.Release|Any CPU.ActiveCfg = Release|Any CPU
		{0F50D108-4A28-4CC9-A647-26D2F823A47D}.Release|Any CPU.Build.0 = Release|Any CPU
	EndGlobalSection
	GlobalSection(SolutionProperties) = preSolution
		HideSolutionNode = FALSE
	EndGlobalSection
EndGlobal
